# THIS IS AN AUTOGENERATED FILE. DO NOT EDIT THIS FILE DIRECTLY.
# yarn lockfile v1


"@discoveryjs/json-ext@^0.5.0":
  version "0.5.2"
  resolved "https://registry.yarnpkg.com/@discoveryjs/json-ext/-/json-ext-0.5.2.tgz#8f03a22a04de437254e8ce8cc84ba39689288752"

"@pixi/accessibility@6.0.2":
  version "6.0.2"
  resolved "https://registry.yarnpkg.com/@pixi/accessibility/-/accessibility-6.0.2.tgz#49c3d940ccf5360df64e354dcb75374f58795b62"
  dependencies:
    "@pixi/canvas-renderer" "6.0.2"
    "@pixi/core" "6.0.2"
    "@pixi/display" "6.0.2"
    "@pixi/utils" "6.0.2"

"@pixi/app@6.0.2":
  version "6.0.2"
  resolved "https://registry.yarnpkg.com/@pixi/app/-/app-6.0.2.tgz#bf6eb145b9c311047aa29ef84db22eb6a47b3696"
  dependencies:
    "@pixi/core" "6.0.2"
    "@pixi/display" "6.0.2"

"@pixi/canvas-renderer@6.0.2":
  version "6.0.2"
  resolved "https://registry.yarnpkg.com/@pixi/canvas-renderer/-/canvas-renderer-6.0.2.tgz#35b11e3c3ffca0dd68e37cac80159b0cd71df02f"
  dependencies:
    "@pixi/constants" "6.0.2"
    "@pixi/core" "6.0.2"
    "@pixi/math" "6.0.2"
    "@pixi/settings" "6.0.2"
    "@pixi/utils" "6.0.2"

"@pixi/compressed-textures@6.0.2":
  version "6.0.2"
  resolved "https://registry.yarnpkg.com/@pixi/compressed-textures/-/compressed-textures-6.0.2.tgz#bb5141fa4a184d3c488f8cddfeed49139b7ec8e4"
  dependencies:
    "@pixi/constants" "6.0.2"
    "@pixi/core" "6.0.2"
    "@pixi/loaders" "6.0.2"

"@pixi/constants@6.0.2":
  version "6.0.2"
  resolved "https://registry.yarnpkg.com/@pixi/constants/-/constants-6.0.2.tgz#40e9c6b811ef51f59c01ec18fb6b80aad0abd17b"

"@pixi/core@6.0.2":
  version "6.0.2"
  resolved "https://registry.yarnpkg.com/@pixi/core/-/core-6.0.2.tgz#f4ad52dda930b816188fc086d2245ceb89847547"
  dependencies:
    "@pixi/constants" "6.0.2"
    "@pixi/math" "6.0.2"
    "@pixi/runner" "6.0.2"
    "@pixi/settings" "6.0.2"
    "@pixi/ticker" "6.0.2"
    "@pixi/utils" "6.0.2"

"@pixi/display@6.0.2":
  version "6.0.2"
  resolved "https://registry.yarnpkg.com/@pixi/display/-/display-6.0.2.tgz#86833596e066874060d5ed770c08f27e3fe55918"
  dependencies:
    "@pixi/math" "6.0.2"
    "@pixi/settings" "6.0.2"
    "@pixi/utils" "6.0.2"

"@pixi/extract@6.0.2":
  version "6.0.2"
  resolved "https://registry.yarnpkg.com/@pixi/extract/-/extract-6.0.2.tgz#dec9c33b9c610807699e211829c021e177f8b497"
  dependencies:
    "@pixi/core" "6.0.2"
    "@pixi/math" "6.0.2"
    "@pixi/utils" "6.0.2"

"@pixi/filter-alpha@6.0.2":
  version "6.0.2"
  resolved "https://registry.yarnpkg.com/@pixi/filter-alpha/-/filter-alpha-6.0.2.tgz#71b4da79468bab9ee0520e62d04966d2191679d0"
  dependencies:
    "@pixi/core" "6.0.2"

"@pixi/filter-blur@6.0.2":
  version "6.0.2"
  resolved "https://registry.yarnpkg.com/@pixi/filter-blur/-/filter-blur-6.0.2.tgz#ebc67a29f2a9eb9ca4c6e3b00b9c42bda650429d"
  dependencies:
    "@pixi/core" "6.0.2"
    "@pixi/settings" "6.0.2"

"@pixi/filter-color-matrix@6.0.2":
  version "6.0.2"
  resolved "https://registry.yarnpkg.com/@pixi/filter-color-matrix/-/filter-color-matrix-6.0.2.tgz#c110c1759af6ef594d2f5025eddf66146d75ce96"
  dependencies:
    "@pixi/core" "6.0.2"

"@pixi/filter-displacement@6.0.2":
  version "6.0.2"
  resolved "https://registry.yarnpkg.com/@pixi/filter-displacement/-/filter-displacement-6.0.2.tgz#0c6096fb951015b8446cebf8ce4b02a57700c458"
  dependencies:
    "@pixi/core" "6.0.2"
    "@pixi/math" "6.0.2"

"@pixi/filter-fxaa@6.0.2":
  version "6.0.2"
  resolved "https://registry.yarnpkg.com/@pixi/filter-fxaa/-/filter-fxaa-6.0.2.tgz#ab5d6dd18c287bea9e2d7b8bad30b16e2ba435ea"
  dependencies:
    "@pixi/core" "6.0.2"

"@pixi/filter-noise@6.0.2":
  version "6.0.2"
  resolved "https://registry.yarnpkg.com/@pixi/filter-noise/-/filter-noise-6.0.2.tgz#4829005fe99c56fc8a236f3d5ccc3173b770c11c"
  dependencies:
    "@pixi/core" "6.0.2"

"@pixi/graphics@6.0.2":
  version "6.0.2"
  resolved "https://registry.yarnpkg.com/@pixi/graphics/-/graphics-6.0.2.tgz#c8f4258b6e6fcfc41548d4046f243a7cca99eb85"
  dependencies:
    "@pixi/constants" "6.0.2"
    "@pixi/core" "6.0.2"
    "@pixi/display" "6.0.2"
    "@pixi/math" "6.0.2"
    "@pixi/sprite" "6.0.2"
    "@pixi/utils" "6.0.2"

"@pixi/interaction@6.0.2":
  version "6.0.2"
  resolved "https://registry.yarnpkg.com/@pixi/interaction/-/interaction-6.0.2.tgz#eb6191ffff33f5c593a86896422c24e57d213d2c"
  dependencies:
    "@pixi/core" "6.0.2"
    "@pixi/display" "6.0.2"
    "@pixi/math" "6.0.2"
    "@pixi/ticker" "6.0.2"
    "@pixi/utils" "6.0.2"

"@pixi/loaders@6.0.2":
  version "6.0.2"
  resolved "https://registry.yarnpkg.com/@pixi/loaders/-/loaders-6.0.2.tgz#8de1aa8ff17f683e3e66b899f1490e182f79d887"
  dependencies:
    "@pixi/constants" "6.0.2"
    "@pixi/core" "6.0.2"
    "@pixi/utils" "6.0.2"
    resource-loader "^3.0.1"

"@pixi/math@6.0.2":
  version "6.0.2"
  resolved "https://registry.yarnpkg.com/@pixi/math/-/math-6.0.2.tgz#e9213bf006ef0362a9cbdd19fbbd334a3c6fd6ad"

"@pixi/mesh-extras@6.0.2":
  version "6.0.2"
  resolved "https://registry.yarnpkg.com/@pixi/mesh-extras/-/mesh-extras-6.0.2.tgz#340a70f8f4e87112bbfe234b5d33d0037cf33abd"
  dependencies:
    "@pixi/constants" "6.0.2"
    "@pixi/core" "6.0.2"
    "@pixi/math" "6.0.2"
    "@pixi/mesh" "6.0.2"
    "@pixi/utils" "6.0.2"

"@pixi/mesh@6.0.2":
  version "6.0.2"
  resolved "https://registry.yarnpkg.com/@pixi/mesh/-/mesh-6.0.2.tgz#e4bec67c23fbaf9449a9cece453406768428012a"
  dependencies:
    "@pixi/constants" "6.0.2"
    "@pixi/core" "6.0.2"
    "@pixi/display" "6.0.2"
    "@pixi/math" "6.0.2"
    "@pixi/settings" "6.0.2"
    "@pixi/utils" "6.0.2"

"@pixi/mixin-cache-as-bitmap@6.0.2":
  version "6.0.2"
  resolved "https://registry.yarnpkg.com/@pixi/mixin-cache-as-bitmap/-/mixin-cache-as-bitmap-6.0.2.tgz#34f972516e502c12f484762e67095e2a6275676a"
  dependencies:
    "@pixi/canvas-renderer" "6.0.2"
    "@pixi/core" "6.0.2"
    "@pixi/display" "6.0.2"
    "@pixi/math" "6.0.2"
    "@pixi/settings" "6.0.2"
    "@pixi/sprite" "6.0.2"
    "@pixi/utils" "6.0.2"

"@pixi/mixin-get-child-by-name@6.0.2":
  version "6.0.2"
  resolved "https://registry.yarnpkg.com/@pixi/mixin-get-child-by-name/-/mixin-get-child-by-name-6.0.2.tgz#e404c6205402a31ed576180f36bf676e884e9125"
  dependencies:
    "@pixi/display" "6.0.2"

"@pixi/mixin-get-global-position@6.0.2":
  version "6.0.2"
  resolved "https://registry.yarnpkg.com/@pixi/mixin-get-global-position/-/mixin-get-global-position-6.0.2.tgz#498ae449ff862902f18a4f76fc7b5261df0eb355"
  dependencies:
    "@pixi/display" "6.0.2"
    "@pixi/math" "6.0.2"

"@pixi/particles@6.0.2":
  version "6.0.2"
  resolved "https://registry.yarnpkg.com/@pixi/particles/-/particles-6.0.2.tgz#5d3378da7accf03b9a5cf53c473c1cf08f056116"
  dependencies:
    "@pixi/constants" "6.0.2"
    "@pixi/core" "6.0.2"
    "@pixi/display" "6.0.2"
    "@pixi/math" "6.0.2"
    "@pixi/utils" "6.0.2"

"@pixi/polyfill@6.0.2":
  version "6.0.2"
  resolved "https://registry.yarnpkg.com/@pixi/polyfill/-/polyfill-6.0.2.tgz#8e4d8f9dc71fae3ce16882a1aeeec65ddc12b4d6"
  dependencies:
    object-assign "^4.1.1"
    promise-polyfill "^8.2.0"

"@pixi/prepare@6.0.2":
  version "6.0.2"
  resolved "https://registry.yarnpkg.com/@pixi/prepare/-/prepare-6.0.2.tgz#5106420a9224002f0cca05d802760e66a6da3828"
  dependencies:
    "@pixi/core" "6.0.2"
    "@pixi/display" "6.0.2"
    "@pixi/graphics" "6.0.2"
    "@pixi/settings" "6.0.2"
    "@pixi/text" "6.0.2"
    "@pixi/ticker" "6.0.2"

"@pixi/runner@6.0.2":
  version "6.0.2"
  resolved "https://registry.yarnpkg.com/@pixi/runner/-/runner-6.0.2.tgz#5e8f38c0d0472d0a81e34ee0cd263529d6ad4021"

"@pixi/settings@6.0.2":
  version "6.0.2"
  resolved "https://registry.yarnpkg.com/@pixi/settings/-/settings-6.0.2.tgz#48108e2b68be76c1146a7322dacf8ea556513788"
  dependencies:
    ismobilejs "^1.1.0"

"@pixi/sprite-animated@6.0.2":
  version "6.0.2"
  resolved "https://registry.yarnpkg.com/@pixi/sprite-animated/-/sprite-animated-6.0.2.tgz#2713d5c5f7dfa0e8b5e6d83a27a1a72aecf4dfe2"
  dependencies:
    "@pixi/core" "6.0.2"
    "@pixi/sprite" "6.0.2"
    "@pixi/ticker" "6.0.2"

"@pixi/sprite-tiling@6.0.2":
  version "6.0.2"
  resolved "https://registry.yarnpkg.com/@pixi/sprite-tiling/-/sprite-tiling-6.0.2.tgz#eba453609471bd4a95cb4e5b6d5a1fc0c428e666"
  dependencies:
    "@pixi/constants" "6.0.2"
    "@pixi/core" "6.0.2"
    "@pixi/display" "6.0.2"
    "@pixi/math" "6.0.2"
    "@pixi/sprite" "6.0.2"
    "@pixi/utils" "6.0.2"

"@pixi/sprite@6.0.2":
  version "6.0.2"
  resolved "https://registry.yarnpkg.com/@pixi/sprite/-/sprite-6.0.2.tgz#5aadb94de74bd8f57618417fbf7eac443fb930d2"
  dependencies:
    "@pixi/constants" "6.0.2"
    "@pixi/core" "6.0.2"
    "@pixi/display" "6.0.2"
    "@pixi/math" "6.0.2"
    "@pixi/settings" "6.0.2"
    "@pixi/utils" "6.0.2"

"@pixi/spritesheet@6.0.2":
  version "6.0.2"
  resolved "https://registry.yarnpkg.com/@pixi/spritesheet/-/spritesheet-6.0.2.tgz#a25a5ccee6ef552009cc5a0db7a6d6fafc68224e"
  dependencies:
    "@pixi/core" "6.0.2"
    "@pixi/loaders" "6.0.2"
    "@pixi/math" "6.0.2"
    "@pixi/utils" "6.0.2"

"@pixi/text-bitmap@6.0.2":
  version "6.0.2"
  resolved "https://registry.yarnpkg.com/@pixi/text-bitmap/-/text-bitmap-6.0.2.tgz#8d8707a5dbfecee740ac0f0d9f8f8b2a5659991b"
  dependencies:
    "@pixi/core" "6.0.2"
    "@pixi/display" "6.0.2"
    "@pixi/loaders" "6.0.2"
    "@pixi/math" "6.0.2"
    "@pixi/mesh" "6.0.2"
    "@pixi/settings" "6.0.2"
    "@pixi/text" "6.0.2"
    "@pixi/utils" "6.0.2"

"@pixi/text@6.0.2":
  version "6.0.2"
  resolved "https://registry.yarnpkg.com/@pixi/text/-/text-6.0.2.tgz#f880685c9549ec94bbd0d3a9513a9cc001bb26c3"
  dependencies:
    "@pixi/core" "6.0.2"
    "@pixi/math" "6.0.2"
    "@pixi/settings" "6.0.2"
    "@pixi/sprite" "6.0.2"
    "@pixi/utils" "6.0.2"

"@pixi/ticker@6.0.2":
  version "6.0.2"
  resolved "https://registry.yarnpkg.com/@pixi/ticker/-/ticker-6.0.2.tgz#134288d3189f1b3d38391573d26102e24e919c6f"
  dependencies:
    "@pixi/settings" "6.0.2"

"@pixi/utils@6.0.2":
  version "6.0.2"
  resolved "https://registry.yarnpkg.com/@pixi/utils/-/utils-6.0.2.tgz#f4feb4bd62f50af2cfa05674fb783703719fa012"
  dependencies:
    "@pixi/constants" "6.0.2"
    "@pixi/settings" "6.0.2"
    "@types/earcut" "^2.1.0"
    earcut "^2.2.2"
    eventemitter3 "^3.1.0"
    url "^0.11.0"

"@types/earcut@^2.1.0":
  version "2.1.1"
  resolved "https://registry.yarnpkg.com/@types/earcut/-/earcut-2.1.1.tgz#573a0af609f17005c751f6f4ffec49cfe358ea51"

"@types/eslint-scope@^3.7.0":
  version "3.7.0"
  resolved "https://registry.yarnpkg.com/@types/eslint-scope/-/eslint-scope-3.7.0.tgz#4792816e31119ebd506902a482caec4951fabd86"
  dependencies:
    "@types/eslint" "*"
    "@types/estree" "*"

"@types/eslint@*":
  version "7.2.8"
  resolved "https://registry.yarnpkg.com/@types/eslint/-/eslint-7.2.8.tgz#45cd802380fcc352e5680e1781d43c50916f12ee"
  dependencies:
    "@types/estree" "*"
    "@types/json-schema" "*"

"@types/estree@*":
  version "0.0.47"
  resolved "https://registry.yarnpkg.com/@types/estree/-/estree-0.0.47.tgz#d7a51db20f0650efec24cd04994f523d93172ed4"

"@types/estree@^0.0.46":
  version "0.0.46"
  resolved "https://registry.yarnpkg.com/@types/estree/-/estree-0.0.46.tgz#0fb6bfbbeabd7a30880504993369c4bf1deab1fe"

"@types/html-minifier-terser@^5.0.0":
  version "5.1.1"
  resolved "https://registry.yarnpkg.com/@types/html-minifier-terser/-/html-minifier-terser-5.1.1.tgz#3c9ee980f1a10d6021ae6632ca3e79ca2ec4fb50"

"@types/json-schema@*", "@types/json-schema@^7.0.6":
  version "7.0.7"
  resolved "https://registry.yarnpkg.com/@types/json-schema/-/json-schema-7.0.7.tgz#98a993516c859eb0d5c4c8f098317a9ea68db9ad"

"@types/node@*":
  version "14.14.37"
  resolved "https://registry.yarnpkg.com/@types/node/-/node-14.14.37.tgz#a3dd8da4eb84a996c36e331df98d82abd76b516e"

"@webassemblyjs/ast@1.11.0":
  version "1.11.0"
  resolved "https://registry.yarnpkg.com/@webassemblyjs/ast/-/ast-1.11.0.tgz#a5aa679efdc9e51707a4207139da57920555961f"
  dependencies:
    "@webassemblyjs/helper-numbers" "1.11.0"
    "@webassemblyjs/helper-wasm-bytecode" "1.11.0"

"@webassemblyjs/floating-point-hex-parser@1.11.0":
  version "1.11.0"
  resolved "https://registry.yarnpkg.com/@webassemblyjs/floating-point-hex-parser/-/floating-point-hex-parser-1.11.0.tgz#34d62052f453cd43101d72eab4966a022587947c"

"@webassemblyjs/helper-api-error@1.11.0":
  version "1.11.0"
  resolved "https://registry.yarnpkg.com/@webassemblyjs/helper-api-error/-/helper-api-error-1.11.0.tgz#aaea8fb3b923f4aaa9b512ff541b013ffb68d2d4"

"@webassemblyjs/helper-buffer@1.11.0":
  version "1.11.0"
  resolved "https://registry.yarnpkg.com/@webassemblyjs/helper-buffer/-/helper-buffer-1.11.0.tgz#d026c25d175e388a7dbda9694e91e743cbe9b642"

"@webassemblyjs/helper-numbers@1.11.0":
  version "1.11.0"
  resolved "https://registry.yarnpkg.com/@webassemblyjs/helper-numbers/-/helper-numbers-1.11.0.tgz#7ab04172d54e312cc6ea4286d7d9fa27c88cd4f9"
  dependencies:
    "@webassemblyjs/floating-point-hex-parser" "1.11.0"
    "@webassemblyjs/helper-api-error" "1.11.0"
    "@xtuc/long" "4.2.2"

"@webassemblyjs/helper-wasm-bytecode@1.11.0":
  version "1.11.0"
  resolved "https://registry.yarnpkg.com/@webassemblyjs/helper-wasm-bytecode/-/helper-wasm-bytecode-1.11.0.tgz#85fdcda4129902fe86f81abf7e7236953ec5a4e1"

"@webassemblyjs/helper-wasm-section@1.11.0":
  version "1.11.0"
  resolved "https://registry.yarnpkg.com/@webassemblyjs/helper-wasm-section/-/helper-wasm-section-1.11.0.tgz#9ce2cc89300262509c801b4af113d1ca25c1a75b"
  dependencies:
    "@webassemblyjs/ast" "1.11.0"
    "@webassemblyjs/helper-buffer" "1.11.0"
    "@webassemblyjs/helper-wasm-bytecode" "1.11.0"
    "@webassemblyjs/wasm-gen" "1.11.0"

"@webassemblyjs/ieee754@1.11.0":
  version "1.11.0"
  resolved "https://registry.yarnpkg.com/@webassemblyjs/ieee754/-/ieee754-1.11.0.tgz#46975d583f9828f5d094ac210e219441c4e6f5cf"
  dependencies:
    "@xtuc/ieee754" "^1.2.0"

"@webassemblyjs/leb128@1.11.0":
  version "1.11.0"
  resolved "https://registry.yarnpkg.com/@webassemblyjs/leb128/-/leb128-1.11.0.tgz#f7353de1df38aa201cba9fb88b43f41f75ff403b"
  dependencies:
    "@xtuc/long" "4.2.2"

"@webassemblyjs/utf8@1.11.0":
  version "1.11.0"
  resolved "https://registry.yarnpkg.com/@webassemblyjs/utf8/-/utf8-1.11.0.tgz#86e48f959cf49e0e5091f069a709b862f5a2cadf"

"@webassemblyjs/wasm-edit@1.11.0":
  version "1.11.0"
  resolved "https://registry.yarnpkg.com/@webassemblyjs/wasm-edit/-/wasm-edit-1.11.0.tgz#ee4a5c9f677046a210542ae63897094c2027cb78"
  dependencies:
    "@webassemblyjs/ast" "1.11.0"
    "@webassemblyjs/helper-buffer" "1.11.0"
    "@webassemblyjs/helper-wasm-bytecode" "1.11.0"
    "@webassemblyjs/helper-wasm-section" "1.11.0"
    "@webassemblyjs/wasm-gen" "1.11.0"
    "@webassemblyjs/wasm-opt" "1.11.0"
    "@webassemblyjs/wasm-parser" "1.11.0"
    "@webassemblyjs/wast-printer" "1.11.0"

"@webassemblyjs/wasm-gen@1.11.0":
  version "1.11.0"
  resolved "https://registry.yarnpkg.com/@webassemblyjs/wasm-gen/-/wasm-gen-1.11.0.tgz#3cdb35e70082d42a35166988dda64f24ceb97abe"
  dependencies:
    "@webassemblyjs/ast" "1.11.0"
    "@webassemblyjs/helper-wasm-bytecode" "1.11.0"
    "@webassemblyjs/ieee754" "1.11.0"
    "@webassemblyjs/leb128" "1.11.0"
    "@webassemblyjs/utf8" "1.11.0"

"@webassemblyjs/wasm-opt@1.11.0":
  version "1.11.0"
  resolved "https://registry.yarnpkg.com/@webassemblyjs/wasm-opt/-/wasm-opt-1.11.0.tgz#1638ae188137f4bb031f568a413cd24d32f92978"
  dependencies:
    "@webassemblyjs/ast" "1.11.0"
    "@webassemblyjs/helper-buffer" "1.11.0"
    "@webassemblyjs/wasm-gen" "1.11.0"
    "@webassemblyjs/wasm-parser" "1.11.0"

"@webassemblyjs/wasm-parser@1.11.0":
  version "1.11.0"
  resolved "https://registry.yarnpkg.com/@webassemblyjs/wasm-parser/-/wasm-parser-1.11.0.tgz#3e680b8830d5b13d1ec86cc42f38f3d4a7700754"
  dependencies:
    "@webassemblyjs/ast" "1.11.0"
    "@webassemblyjs/helper-api-error" "1.11.0"
    "@webassemblyjs/helper-wasm-bytecode" "1.11.0"
    "@webassemblyjs/ieee754" "1.11.0"
    "@webassemblyjs/leb128" "1.11.0"
    "@webassemblyjs/utf8" "1.11.0"

"@webassemblyjs/wast-printer@1.11.0":
  version "1.11.0"
  resolved "https://registry.yarnpkg.com/@webassemblyjs/wast-printer/-/wast-printer-1.11.0.tgz#680d1f6a5365d6d401974a8e949e05474e1fab7e"
  dependencies:
    "@webassemblyjs/ast" "1.11.0"
    "@xtuc/long" "4.2.2"

"@webpack-cli/configtest@^1.0.2":
  version "1.0.2"
  resolved "https://registry.yarnpkg.com/@webpack-cli/configtest/-/configtest-1.0.2.tgz#2a20812bfb3a2ebb0b27ee26a52eeb3e3f000836"

"@webpack-cli/info@^1.2.3":
  version "1.2.3"
  resolved "https://registry.yarnpkg.com/@webpack-cli/info/-/info-1.2.3.tgz#ef819d10ace2976b6d134c7c823a3e79ee31a92c"
  dependencies:
    envinfo "^7.7.3"

"@webpack-cli/serve@^1.3.1":
  version "1.3.1"
  resolved "https://registry.yarnpkg.com/@webpack-cli/serve/-/serve-1.3.1.tgz#911d1b3ff4a843304b9c3bacf67bb34672418441"

"@xtuc/ieee754@^1.2.0":
  version "1.2.0"
  resolved "https://registry.yarnpkg.com/@xtuc/ieee754/-/ieee754-1.2.0.tgz#eef014a3145ae477a1cbc00cd1e552336dceb790"

"@xtuc/long@4.2.2":
  version "4.2.2"
  resolved "https://registry.yarnpkg.com/@xtuc/long/-/long-4.2.2.tgz#d291c6a4e97989b5c61d9acf396ae4fe133a718d"

acorn@^8.0.4:
  version "8.1.0"
  resolved "https://registry.yarnpkg.com/acorn/-/acorn-8.1.0.tgz#52311fd7037ae119cbb134309e901aa46295b3fe"

ajv-keywords@^3.5.2:
  version "3.5.2"
  resolved "https://registry.yarnpkg.com/ajv-keywords/-/ajv-keywords-3.5.2.tgz#31f29da5ab6e00d1c2d329acf7b5929614d5014d"

ajv@^6.12.5:
  version "6.12.6"
  resolved "https://registry.yarnpkg.com/ajv/-/ajv-6.12.6.tgz#baf5a62e802b07d977034586f8c3baf5adf26df4"
  dependencies:
    fast-deep-equal "^3.1.1"
    fast-json-stable-stringify "^2.0.0"
    json-schema-traverse "^0.4.1"
    uri-js "^4.2.2"

ansi-colors@^4.1.1:
  version "4.1.1"
  resolved "https://registry.yarnpkg.com/ansi-colors/-/ansi-colors-4.1.1.tgz#cbb9ae256bf750af1eab344f229aa27fe94ba348"

ansi-regex@^2.0.0:
  version "2.1.1"
  resolved "https://registry.yarnpkg.com/ansi-regex/-/ansi-regex-2.1.1.tgz#c3b33ab5ee360d86e0e628f0468ae7ef27d654df"

boolbase@^1.0.0, boolbase@~1.0.0:
  version "1.0.0"
  resolved "https://registry.yarnpkg.com/boolbase/-/boolbase-1.0.0.tgz#68dff5fbe60c51eb37725ea9e3ed310dcc1e776e"

browserslist@^4.14.5:
  version "4.16.3"
  resolved "https://registry.yarnpkg.com/browserslist/-/browserslist-4.16.3.tgz#340aa46940d7db878748567c5dea24a48ddf3717"
  dependencies:
    caniuse-lite "^1.0.30001181"
    colorette "^1.2.1"
    electron-to-chromium "^1.3.649"
    escalade "^3.1.1"
    node-releases "^1.1.70"

buffer-from@^1.0.0:
  version "1.1.1"
  resolved "https://registry.yarnpkg.com/buffer-from/-/buffer-from-1.1.1.tgz#32713bc028f75c02fdb710d7c7bcec1f2c6070ef"

camel-case@^4.1.1:
  version "4.1.2"
  resolved "https://registry.yarnpkg.com/camel-case/-/camel-case-4.1.2.tgz#9728072a954f805228225a6deea6b38461e1bd5a"
  dependencies:
    pascal-case "^3.1.2"
    tslib "^2.0.3"

caniuse-lite@^1.0.30001181:
  version "1.0.30001208"
  resolved "https://registry.yarnpkg.com/caniuse-lite/-/caniuse-lite-1.0.30001208.tgz#a999014a35cebd4f98c405930a057a0d75352eb9"

chrome-trace-event@^1.0.2:
  version "1.0.3"
  resolved "https://registry.yarnpkg.com/chrome-trace-event/-/chrome-trace-event-1.0.3.tgz#1015eced4741e15d06664a957dbbf50d041e26ac"

clean-css@^4.2.3:
  version "4.2.3"
  resolved "https://registry.yarnpkg.com/clean-css/-/clean-css-4.2.3.tgz#507b5de7d97b48ee53d84adb0160ff6216380f78"
  dependencies:
    source-map "~0.6.0"

clone-deep@^4.0.1:
  version "4.0.1"
  resolved "https://registry.yarnpkg.com/clone-deep/-/clone-deep-4.0.1.tgz#c19fd9bdbbf85942b4fd979c84dcf7d5f07c2387"
  dependencies:
    is-plain-object "^2.0.4"
    kind-of "^6.0.2"
    shallow-clone "^3.0.0"

colorette@^1.2.1:
  version "1.2.2"
  resolved "https://registry.yarnpkg.com/colorette/-/colorette-1.2.2.tgz#cbcc79d5e99caea2dbf10eb3a26fd8b3e6acfa94"

commander@^2.20.0:
  version "2.20.3"
  resolved "https://registry.yarnpkg.com/commander/-/commander-2.20.3.tgz#fd485e84c03eb4881c20722ba48035e8531aeb33"

commander@^4.1.1:
  version "4.1.1"
  resolved "https://registry.yarnpkg.com/commander/-/commander-4.1.1.tgz#9fd602bd936294e9e9ef46a3f4d6964044b18068"

commander@^7.0.0:
  version "7.2.0"
  resolved "https://registry.yarnpkg.com/commander/-/commander-7.2.0.tgz#a36cb57d0b501ce108e4d20559a150a391d97ab7"

cross-spawn@^7.0.3:
  version "7.0.3"
  resolved "https://registry.yarnpkg.com/cross-spawn/-/cross-spawn-7.0.3.tgz#f73a85b9d5d41d045551c177e2882d4ac85728a6"
  dependencies:
    path-key "^3.1.0"
    shebang-command "^2.0.0"
    which "^2.0.1"

css-select@^2.0.2:
  version "2.1.0"
  resolved "https://registry.yarnpkg.com/css-select/-/css-select-2.1.0.tgz#6a34653356635934a81baca68d0255432105dbef"
  dependencies:
    boolbase "^1.0.0"
    css-what "^3.2.1"
    domutils "^1.7.0"
    nth-check "^1.0.2"

css-what@^3.2.1:
  version "3.4.2"
  resolved "https://registry.yarnpkg.com/css-what/-/css-what-3.4.2.tgz#ea7026fcb01777edbde52124e21f327e7ae950e4"

dom-converter@^0.2:
  version "0.2.0"
  resolved "https://registry.yarnpkg.com/dom-converter/-/dom-converter-0.2.0.tgz#6721a9daee2e293682955b6afe416771627bb768"
  dependencies:
    utila "~0.4"

dom-serializer@0:
  version "0.2.2"
  resolved "https://registry.yarnpkg.com/dom-serializer/-/dom-serializer-0.2.2.tgz#1afb81f533717175d478655debc5e332d9f9bb51"
  dependencies:
    domelementtype "^2.0.1"
    entities "^2.0.0"

domelementtype@1, domelementtype@^1.3.1:
  version "1.3.1"
  resolved "https://registry.yarnpkg.com/domelementtype/-/domelementtype-1.3.1.tgz#d048c44b37b0d10a7f2a3d5fee3f4333d790481f"

domelementtype@^2.0.1:
  version "2.2.0"
  resolved "https://registry.yarnpkg.com/domelementtype/-/domelementtype-2.2.0.tgz#9a0b6c2782ed6a1c7323d42267183df9bd8b1d57"

domhandler@^2.3.0:
  version "2.4.2"
  resolved "https://registry.yarnpkg.com/domhandler/-/domhandler-2.4.2.tgz#8805097e933d65e85546f726d60f5eb88b44f803"
  dependencies:
    domelementtype "1"

domutils@^1.5.1, domutils@^1.7.0:
  version "1.7.0"
  resolved "https://registry.yarnpkg.com/domutils/-/domutils-1.7.0.tgz#56ea341e834e06e6748af7a1cb25da67ea9f8c2a"
  dependencies:
    dom-serializer "0"
    domelementtype "1"

dot-case@^3.0.4:
  version "3.0.4"
  resolved "https://registry.yarnpkg.com/dot-case/-/dot-case-3.0.4.tgz#9b2b670d00a431667a8a75ba29cd1b98809ce751"
  dependencies:
    no-case "^3.0.4"
    tslib "^2.0.3"

earcut@^2.2.2:
  version "2.2.2"
  resolved "https://registry.yarnpkg.com/earcut/-/earcut-2.2.2.tgz#41b0bc35f63e0fe80da7cddff28511e7e2e80d11"

electron-to-chromium@^1.3.649:
  version "1.3.711"
  resolved "https://registry.yarnpkg.com/electron-to-chromium/-/electron-to-chromium-1.3.711.tgz#92c3caf7ffed5e18bf63f66b4b57b4db2409c450"

enhanced-resolve@^5.7.0:
  version "5.7.0"
  resolved "https://registry.yarnpkg.com/enhanced-resolve/-/enhanced-resolve-5.7.0.tgz#525c5d856680fbd5052de453ac83e32049958b5c"
  dependencies:
    graceful-fs "^4.2.4"
    tapable "^2.2.0"

enquirer@^2.3.6:
  version "2.3.6"
  resolved "https://registry.yarnpkg.com/enquirer/-/enquirer-2.3.6.tgz#2a7fe5dd634a1e4125a975ec994ff5456dc3734d"
  dependencies:
    ansi-colors "^4.1.1"

entities@^1.1.1:
  version "1.1.2"
  resolved "https://registry.yarnpkg.com/entities/-/entities-1.1.2.tgz#bdfa735299664dfafd34529ed4f8522a275fea56"

entities@^2.0.0:
  version "2.2.0"
  resolved "https://registry.yarnpkg.com/entities/-/entities-2.2.0.tgz#098dc90ebb83d8dffa089d55256b351d34c4da55"

envinfo@^7.7.3:
  version "7.8.1"
  resolved "https://registry.yarnpkg.com/envinfo/-/envinfo-7.8.1.tgz#06377e3e5f4d379fea7ac592d5ad8927e0c4d475"

es-module-lexer@^0.4.0:
  version "0.4.1"
  resolved "https://registry.yarnpkg.com/es-module-lexer/-/es-module-lexer-0.4.1.tgz#dda8c6a14d8f340a24e34331e0fab0cb50438e0e"

escalade@^3.1.1:
  version "3.1.1"
  resolved "https://registry.yarnpkg.com/escalade/-/escalade-3.1.1.tgz#d8cfdc7000965c5a0174b4a82eaa5c0552742e40"

eslint-scope@^5.1.1:
  version "5.1.1"
  resolved "https://registry.yarnpkg.com/eslint-scope/-/eslint-scope-5.1.1.tgz#e786e59a66cb92b3f6c1fb0d508aab174848f48c"
  dependencies:
    esrecurse "^4.3.0"
    estraverse "^4.1.1"

esrecurse@^4.3.0:
  version "4.3.0"
  resolved "https://registry.yarnpkg.com/esrecurse/-/esrecurse-4.3.0.tgz#7ad7964d679abb28bee72cec63758b1c5d2c9921"
  dependencies:
    estraverse "^5.2.0"

estraverse@^4.1.1:
  version "4.3.0"
  resolved "https://registry.yarnpkg.com/estraverse/-/estraverse-4.3.0.tgz#398ad3f3c5a24948be7725e83d11a7de28cdbd1d"

estraverse@^5.2.0:
  version "5.2.0"
  resolved "https://registry.yarnpkg.com/estraverse/-/estraverse-5.2.0.tgz#307df42547e6cc7324d3cf03c155d5cdb8c53880"

eventemitter3@^3.1.0:
  version "3.1.2"
  resolved "https://registry.yarnpkg.com/eventemitter3/-/eventemitter3-3.1.2.tgz#2d3d48f9c346698fce83a85d7d664e98535df6e7"

events@^3.2.0:
  version "3.3.0"
  resolved "https://registry.yarnpkg.com/events/-/events-3.3.0.tgz#31a95ad0a924e2d2c419a813aeb2c4e878ea7400"

execa@^5.0.0:
  version "5.0.0"
  resolved "https://registry.yarnpkg.com/execa/-/execa-5.0.0.tgz#4029b0007998a841fbd1032e5f4de86a3c1e3376"
  dependencies:
    cross-spawn "^7.0.3"
    get-stream "^6.0.0"
    human-signals "^2.1.0"
    is-stream "^2.0.0"
    merge-stream "^2.0.0"
    npm-run-path "^4.0.1"
    onetime "^5.1.2"
    signal-exit "^3.0.3"
    strip-final-newline "^2.0.0"

fast-deep-equal@^3.1.1:
  version "3.1.3"
  resolved "https://registry.yarnpkg.com/fast-deep-equal/-/fast-deep-equal-3.1.3.tgz#3a7d56b559d6cbc3eb512325244e619a65c6c525"

fast-json-stable-stringify@^2.0.0:
  version "2.1.0"
  resolved "https://registry.yarnpkg.com/fast-json-stable-stringify/-/fast-json-stable-stringify-2.1.0.tgz#874bf69c6f404c2b5d99c481341399fd55892633"

fastest-levenshtein@^1.0.12:
  version "1.0.12"
  resolved "https://registry.yarnpkg.com/fastest-levenshtein/-/fastest-levenshtein-1.0.12.tgz#9990f7d3a88cc5a9ffd1f1745745251700d497e2"

find-up@^4.0.0:
  version "4.1.0"
  resolved "https://registry.yarnpkg.com/find-up/-/find-up-4.1.0.tgz#97afe7d6cdc0bc5928584b7c8d7b16e8a9aa5d19"
  dependencies:
    locate-path "^5.0.0"
    path-exists "^4.0.0"

function-bind@^1.1.1:
  version "1.1.1"
  resolved "https://registry.yarnpkg.com/function-bind/-/function-bind-1.1.1.tgz#a56899d3ea3c9bab874bb9773b7c5ede92f4895d"

get-stream@^6.0.0:
  version "6.0.0"
  resolved "https://registry.yarnpkg.com/get-stream/-/get-stream-6.0.0.tgz#3e0012cb6827319da2706e601a1583e8629a6718"

glob-to-regexp@^0.4.1:
  version "0.4.1"
  resolved "https://registry.yarnpkg.com/glob-to-regexp/-/glob-to-regexp-0.4.1.tgz#c75297087c851b9a578bd217dd59a92f59fe546e"

graceful-fs@^4.1.2, graceful-fs@^4.2.4:
  version "4.2.6"
  resolved "https://registry.yarnpkg.com/graceful-fs/-/graceful-fs-4.2.6.tgz#ff040b2b0853b23c3d31027523706f1885d76bee"

has-flag@^4.0.0:
  version "4.0.0"
  resolved "https://registry.yarnpkg.com/has-flag/-/has-flag-4.0.0.tgz#944771fd9c81c81265c4d6941860da06bb59479b"

has@^1.0.3:
  version "1.0.3"
  resolved "https://registry.yarnpkg.com/has/-/has-1.0.3.tgz#722d7cbfc1f6aa8241f16dd814e011e1f41e8796"
  dependencies:
    function-bind "^1.1.1"

he@^1.2.0:
  version "1.2.0"
  resolved "https://registry.yarnpkg.com/he/-/he-1.2.0.tgz#84ae65fa7eafb165fddb61566ae14baf05664f0f"

html-minifier-terser@^5.0.1:
  version "5.1.1"
  resolved "https://registry.yarnpkg.com/html-minifier-terser/-/html-minifier-terser-5.1.1.tgz#922e96f1f3bb60832c2634b79884096389b1f054"
  dependencies:
    camel-case "^4.1.1"
    clean-css "^4.2.3"
    commander "^4.1.1"
    he "^1.2.0"
    param-case "^3.0.3"
    relateurl "^0.2.7"
    terser "^4.6.3"

html-webpack-plugin@^5.3.1:
  version "5.3.1"
  resolved "https://registry.yarnpkg.com/html-webpack-plugin/-/html-webpack-plugin-5.3.1.tgz#8797327548e3de438e3494e0c6d06f181a7f20d1"
  dependencies:
    "@types/html-minifier-terser" "^5.0.0"
    html-minifier-terser "^5.0.1"
    lodash "^4.17.20"
    pretty-error "^2.1.1"
    tapable "^2.0.0"

htmlparser2@^3.10.1:
  version "3.10.1"
  resolved "https://registry.yarnpkg.com/htmlparser2/-/htmlparser2-3.10.1.tgz#bd679dc3f59897b6a34bb10749c855bb53a9392f"
  dependencies:
    domelementtype "^1.3.1"
    domhandler "^2.3.0"
    domutils "^1.5.1"
    entities "^1.1.1"
    inherits "^2.0.1"
    readable-stream "^3.1.1"

human-signals@^2.1.0:
  version "2.1.0"
  resolved "https://registry.yarnpkg.com/human-signals/-/human-signals-2.1.0.tgz#dc91fcba42e4d06e4abaed33b3e7a3c02f514ea0"

import-local@^3.0.2:
  version "3.0.2"
  resolved "https://registry.yarnpkg.com/import-local/-/import-local-3.0.2.tgz#a8cfd0431d1de4a2199703d003e3e62364fa6db6"
  dependencies:
    pkg-dir "^4.2.0"
    resolve-cwd "^3.0.0"

inherits@^2.0.1, inherits@^2.0.3:
  version "2.0.4"
  resolved "https://registry.yarnpkg.com/inherits/-/inherits-2.0.4.tgz#0fa2c64f932917c3433a0ded55363aae37416b7c"

interpret@^2.2.0:
  version "2.2.0"
  resolved "https://registry.yarnpkg.com/interpret/-/interpret-2.2.0.tgz#1a78a0b5965c40a5416d007ad6f50ad27c417df9"

is-core-module@^2.2.0:
  version "2.2.0"
  resolved "https://registry.yarnpkg.com/is-core-module/-/is-core-module-2.2.0.tgz#97037ef3d52224d85163f5597b2b63d9afed981a"
  dependencies:
    has "^1.0.3"

is-plain-object@^2.0.4:
  version "2.0.4"
  resolved "https://registry.yarnpkg.com/is-plain-object/-/is-plain-object-2.0.4.tgz#2c163b3fafb1b606d9d17928f05c2a1c38e07677"
  dependencies:
    isobject "^3.0.1"

is-stream@^2.0.0:
  version "2.0.0"
  resolved "https://registry.yarnpkg.com/is-stream/-/is-stream-2.0.0.tgz#bde9c32680d6fae04129d6ac9d921ce7815f78e3"

isexe@^2.0.0:
  version "2.0.0"
  resolved "https://registry.yarnpkg.com/isexe/-/isexe-2.0.0.tgz#e8fbf374dc556ff8947a10dcb0572d633f2cfa10"

ismobilejs@^1.1.0:
  version "1.1.1"
  resolved "https://registry.yarnpkg.com/ismobilejs/-/ismobilejs-1.1.1.tgz#c56ca0ae8e52b24ca0f22ba5ef3215a2ddbbaa0e"

isobject@^3.0.1:
  version "3.0.1"
  resolved "https://registry.yarnpkg.com/isobject/-/isobject-3.0.1.tgz#4e431e92b11a9731636aa1f9c8d1ccbcfdab78df"

jest-worker@^26.6.2:
  version "26.6.2"
  resolved "https://registry.yarnpkg.com/jest-worker/-/jest-worker-26.6.2.tgz#7f72cbc4d643c365e27b9fd775f9d0eaa9c7a8ed"
  dependencies:
    "@types/node" "*"
    merge-stream "^2.0.0"
    supports-color "^7.0.0"

json-parse-better-errors@^1.0.2:
  version "1.0.2"
  resolved "https://registry.yarnpkg.com/json-parse-better-errors/-/json-parse-better-errors-1.0.2.tgz#bb867cfb3450e69107c131d1c514bab3dc8bcaa9"

json-schema-traverse@^0.4.1:
  version "0.4.1"
  resolved "https://registry.yarnpkg.com/json-schema-traverse/-/json-schema-traverse-0.4.1.tgz#69f6a87d9513ab8bb8fe63bdb0979c448e684660"

kind-of@^6.0.2:
  version "6.0.3"
  resolved "https://registry.yarnpkg.com/kind-of/-/kind-of-6.0.3.tgz#07c05034a6c349fa06e24fa35aa76db4580ce4dd"

loader-runner@^4.2.0:
  version "4.2.0"
  resolved "https://registry.yarnpkg.com/loader-runner/-/loader-runner-4.2.0.tgz#d7022380d66d14c5fb1d496b89864ebcfd478384"

locate-path@^5.0.0:
  version "5.0.0"
  resolved "https://registry.yarnpkg.com/locate-path/-/locate-path-5.0.0.tgz#1afba396afd676a6d42504d0a67a3a7eb9f62aa0"
  dependencies:
    p-locate "^4.1.0"

lodash@^4.17.20:
  version "4.17.21"
  resolved "https://registry.yarnpkg.com/lodash/-/lodash-4.17.21.tgz#679591c564c3bffaae8454cf0b3df370c3d6911c"

lower-case@^2.0.2:
  version "2.0.2"
  resolved "https://registry.yarnpkg.com/lower-case/-/lower-case-2.0.2.tgz#6fa237c63dbdc4a82ca0fd882e4722dc5e634e28"
  dependencies:
    tslib "^2.0.3"

merge-stream@^2.0.0:
  version "2.0.0"
  resolved "https://registry.yarnpkg.com/merge-stream/-/merge-stream-2.0.0.tgz#52823629a14dd00c9770fb6ad47dc6310f2c1f60"

mime-db@1.47.0:
  version "1.47.0"
  resolved "https://registry.yarnpkg.com/mime-db/-/mime-db-1.47.0.tgz#8cb313e59965d3c05cfbf898915a267af46a335c"

mime-types@^2.1.27:
  version "2.1.30"
  resolved "https://registry.yarnpkg.com/mime-types/-/mime-types-2.1.30.tgz#6e7be8b4c479825f85ed6326695db73f9305d62d"
  dependencies:
    mime-db "1.47.0"

mimic-fn@^2.1.0:
  version "2.1.0"
  resolved "https://registry.yarnpkg.com/mimic-fn/-/mimic-fn-2.1.0.tgz#7ed2c2ccccaf84d3ffcb7a69b57711fc2083401b"

mini-signals@^1.2.0:
  version "1.2.0"
  resolved "https://registry.yarnpkg.com/mini-signals/-/mini-signals-1.2.0.tgz#45b08013c5fae51a24aa1a935cd317c9ed721d74"

neo-async@^2.6.2:
  version "2.6.2"
  resolved "https://registry.yarnpkg.com/neo-async/-/neo-async-2.6.2.tgz#b4aafb93e3aeb2d8174ca53cf163ab7d7308305f"

no-case@^3.0.4:
  version "3.0.4"
  resolved "https://registry.yarnpkg.com/no-case/-/no-case-3.0.4.tgz#d361fd5c9800f558551a8369fc0dcd4662b6124d"
  dependencies:
    lower-case "^2.0.2"
    tslib "^2.0.3"

node-releases@^1.1.70:
  version "1.1.71"
  resolved "https://registry.yarnpkg.com/node-releases/-/node-releases-1.1.71.tgz#cb1334b179896b1c89ecfdd4b725fb7bbdfc7dbb"

npm-run-path@^4.0.1:
  version "4.0.1"
  resolved "https://registry.yarnpkg.com/npm-run-path/-/npm-run-path-4.0.1.tgz#b7ecd1e5ed53da8e37a55e1c2269e0b97ed748ea"
  dependencies:
    path-key "^3.0.0"

nth-check@^1.0.2:
  version "1.0.2"
  resolved "https://registry.yarnpkg.com/nth-check/-/nth-check-1.0.2.tgz#b2bd295c37e3dd58a3bf0700376663ba4d9cf05c"
  dependencies:
    boolbase "~1.0.0"

object-assign@^4.1.1:
  version "4.1.1"
  resolved "https://registry.yarnpkg.com/object-assign/-/object-assign-4.1.1.tgz#2109adc7965887cfc05cbbd442cac8bfbb360863"

onetime@^5.1.2:
  version "5.1.2"
  resolved "https://registry.yarnpkg.com/onetime/-/onetime-5.1.2.tgz#d0e96ebb56b07476df1dd9c4806e5237985ca45e"
  dependencies:
    mimic-fn "^2.1.0"

p-limit@^2.2.0:
  version "2.3.0"
  resolved "https://registry.yarnpkg.com/p-limit/-/p-limit-2.3.0.tgz#3dd33c647a214fdfffd835933eb086da0dc21db1"
  dependencies:
    p-try "^2.0.0"

p-limit@^3.1.0:
  version "3.1.0"
  resolved "https://registry.yarnpkg.com/p-limit/-/p-limit-3.1.0.tgz#e1daccbe78d0d1388ca18c64fea38e3e57e3706b"
  dependencies:
    yocto-queue "^0.1.0"

p-locate@^4.1.0:
  version "4.1.0"
  resolved "https://registry.yarnpkg.com/p-locate/-/p-locate-4.1.0.tgz#a3428bb7088b3a60292f66919278b7c297ad4f07"
  dependencies:
    p-limit "^2.2.0"

p-try@^2.0.0:
  version "2.2.0"
  resolved "https://registry.yarnpkg.com/p-try/-/p-try-2.2.0.tgz#cb2868540e313d61de58fafbe35ce9004d5540e6"

param-case@^3.0.3:
  version "3.0.4"
  resolved "https://registry.yarnpkg.com/param-case/-/param-case-3.0.4.tgz#7d17fe4aa12bde34d4a77d91acfb6219caad01c5"
  dependencies:
    dot-case "^3.0.4"
    tslib "^2.0.3"

parse-uri@^1.0.0:
  version "1.0.3"
  resolved "https://registry.yarnpkg.com/parse-uri/-/parse-uri-1.0.3.tgz#f3c24a74907a4e357c1741e96ca9faadecfd6db5"

pascal-case@^3.1.2:
  version "3.1.2"
  resolved "https://registry.yarnpkg.com/pascal-case/-/pascal-case-3.1.2.tgz#b48e0ef2b98e205e7c1dae747d0b1508237660eb"
  dependencies:
    no-case "^3.0.4"
    tslib "^2.0.3"

path-exists@^4.0.0:
  version "4.0.0"
  resolved "https://registry.yarnpkg.com/path-exists/-/path-exists-4.0.0.tgz#513bdbe2d3b95d7762e8c1137efa195c6c61b5b3"

path-key@^3.0.0, path-key@^3.1.0:
  version "3.1.1"
  resolved "https://registry.yarnpkg.com/path-key/-/path-key-3.1.1.tgz#581f6ade658cbba65a0d3380de7753295054f375"

path-parse@^1.0.6:
  version "1.0.6"
  resolved "https://registry.yarnpkg.com/path-parse/-/path-parse-1.0.6.tgz#d62dbb5679405d72c4737ec58600e9ddcf06d24c"

pixi.js@^6.0.2:
  version "6.0.2"
  resolved "https://registry.yarnpkg.com/pixi.js/-/pixi.js-6.0.2.tgz#0ee9e51c6fcd49415afdd042982bae08c9821709"
  dependencies:
    "@pixi/accessibility" "6.0.2"
    "@pixi/app" "6.0.2"
    "@pixi/compressed-textures" "6.0.2"
    "@pixi/constants" "6.0.2"
    "@pixi/core" "6.0.2"
    "@pixi/display" "6.0.2"
    "@pixi/extract" "6.0.2"
    "@pixi/filter-alpha" "6.0.2"
    "@pixi/filter-blur" "6.0.2"
    "@pixi/filter-color-matrix" "6.0.2"
    "@pixi/filter-displacement" "6.0.2"
    "@pixi/filter-fxaa" "6.0.2"
    "@pixi/filter-noise" "6.0.2"
    "@pixi/graphics" "6.0.2"
    "@pixi/interaction" "6.0.2"
    "@pixi/loaders" "6.0.2"
    "@pixi/math" "6.0.2"
    "@pixi/mesh" "6.0.2"
    "@pixi/mesh-extras" "6.0.2"
    "@pixi/mixin-cache-as-bitmap" "6.0.2"
    "@pixi/mixin-get-child-by-name" "6.0.2"
    "@pixi/mixin-get-global-position" "6.0.2"
    "@pixi/particles" "6.0.2"
    "@pixi/polyfill" "6.0.2"
    "@pixi/prepare" "6.0.2"
    "@pixi/runner" "6.0.2"
    "@pixi/settings" "6.0.2"
    "@pixi/sprite" "6.0.2"
    "@pixi/sprite-animated" "6.0.2"
    "@pixi/sprite-tiling" "6.0.2"
    "@pixi/spritesheet" "6.0.2"
    "@pixi/text" "6.0.2"
    "@pixi/text-bitmap" "6.0.2"
    "@pixi/ticker" "6.0.2"
    "@pixi/utils" "6.0.2"

pkg-dir@^4.2.0:
  version "4.2.0"
  resolved "https://registry.yarnpkg.com/pkg-dir/-/pkg-dir-4.2.0.tgz#f099133df7ede422e81d1d8448270eeb3e4261f3"
  dependencies:
    find-up "^4.0.0"

pretty-error@^2.1.1:
  version "2.1.2"
  resolved "https://registry.yarnpkg.com/pretty-error/-/pretty-error-2.1.2.tgz#be89f82d81b1c86ec8fdfbc385045882727f93b6"
  dependencies:
    lodash "^4.17.20"
    renderkid "^2.0.4"

promise-polyfill@^8.2.0:
  version "8.2.0"
  resolved "https://registry.yarnpkg.com/promise-polyfill/-/promise-polyfill-8.2.0.tgz#367394726da7561457aba2133c9ceefbd6267da0"

punycode@1.3.2:
  version "1.3.2"
  resolved "https://registry.yarnpkg.com/punycode/-/punycode-1.3.2.tgz#9653a036fb7c1ee42342f2325cceefea3926c48d"

punycode@^2.1.0:
  version "2.1.1"
  resolved "https://registry.yarnpkg.com/punycode/-/punycode-2.1.1.tgz#b58b010ac40c22c5657616c8d2c2c02c7bf479ec"

querystring@0.2.0:
  version "0.2.0"
  resolved "https://registry.yarnpkg.com/querystring/-/querystring-0.2.0.tgz#b209849203bb25df820da756e747005878521620"

randombytes@^2.1.0:
  version "2.1.0"
  resolved "https://registry.yarnpkg.com/randombytes/-/randombytes-2.1.0.tgz#df6f84372f0270dc65cdf6291349ab7a473d4f2a"
  dependencies:
    safe-buffer "^5.1.0"

readable-stream@^3.1.1:
  version "3.6.0"
  resolved "https://registry.yarnpkg.com/readable-stream/-/readable-stream-3.6.0.tgz#337bbda3adc0706bd3e024426a286d4b4b2c9198"
  dependencies:
    inherits "^2.0.3"
    string_decoder "^1.1.1"
    util-deprecate "^1.0.1"

rechoir@^0.7.0:
  version "0.7.0"
  resolved "https://registry.yarnpkg.com/rechoir/-/rechoir-0.7.0.tgz#32650fd52c21ab252aa5d65b19310441c7e03aca"
  dependencies:
    resolve "^1.9.0"

relateurl@^0.2.7:
  version "0.2.7"
  resolved "https://registry.yarnpkg.com/relateurl/-/relateurl-0.2.7.tgz#54dbf377e51440aca90a4cd274600d3ff2d888a9"

renderkid@^2.0.4:
  version "2.0.5"
  resolved "https://registry.yarnpkg.com/renderkid/-/renderkid-2.0.5.tgz#483b1ac59c6601ab30a7a596a5965cabccfdd0a5"
  dependencies:
    css-select "^2.0.2"
    dom-converter "^0.2"
    htmlparser2 "^3.10.1"
    lodash "^4.17.20"
    strip-ansi "^3.0.0"

resolve-cwd@^3.0.0:
  version "3.0.0"
  resolved "https://registry.yarnpkg.com/resolve-cwd/-/resolve-cwd-3.0.0.tgz#0f0075f1bb2544766cf73ba6a6e2adfebcb13f2d"
  dependencies:
    resolve-from "^5.0.0"

resolve-from@^5.0.0:
  version "5.0.0"
  resolved "https://registry.yarnpkg.com/resolve-from/-/resolve-from-5.0.0.tgz#c35225843df8f776df21c57557bc087e9dfdfc69"

resolve@^1.9.0:
  version "1.20.0"
  resolved "https://registry.yarnpkg.com/resolve/-/resolve-1.20.0.tgz#629a013fb3f70755d6f0b7935cc1c2c5378b1975"
  dependencies:
    is-core-module "^2.2.0"
    path-parse "^1.0.6"

resource-loader@^3.0.1:
  version "3.0.1"
  resolved "https://registry.yarnpkg.com/resource-loader/-/resource-loader-3.0.1.tgz#33355bb5421e2994f59454bbc7f6dbff8df06d47"
  dependencies:
    mini-signals "^1.2.0"
    parse-uri "^1.0.0"

safe-buffer@^5.1.0, safe-buffer@~5.2.0:
  version "5.2.1"
  resolved "https://registry.yarnpkg.com/safe-buffer/-/safe-buffer-5.2.1.tgz#1eaf9fa9bdb1fdd4ec75f58f9cdb4e6b7827eec6"

schema-utils@^3.0.0:
  version "3.0.0"
  resolved "https://registry.yarnpkg.com/schema-utils/-/schema-utils-3.0.0.tgz#67502f6aa2b66a2d4032b4279a2944978a0913ef"
  dependencies:
    "@types/json-schema" "^7.0.6"
    ajv "^6.12.5"
    ajv-keywords "^3.5.2"

serialize-javascript@^5.0.1:
  version "5.0.1"
  resolved "https://registry.yarnpkg.com/serialize-javascript/-/serialize-javascript-5.0.1.tgz#7886ec848049a462467a97d3d918ebb2aaf934f4"
  dependencies:
    randombytes "^2.1.0"

shallow-clone@^3.0.0:
  version "3.0.1"
  resolved "https://registry.yarnpkg.com/shallow-clone/-/shallow-clone-3.0.1.tgz#8f2981ad92531f55035b01fb230769a40e02efa3"
  dependencies:
    kind-of "^6.0.2"

shebang-command@^2.0.0:
  version "2.0.0"
  resolved "https://registry.yarnpkg.com/shebang-command/-/shebang-command-2.0.0.tgz#ccd0af4f8835fbdc265b82461aaf0c36663f34ea"
  dependencies:
    shebang-regex "^3.0.0"

shebang-regex@^3.0.0:
  version "3.0.0"
  resolved "https://registry.yarnpkg.com/shebang-regex/-/shebang-regex-3.0.0.tgz#ae16f1644d873ecad843b0307b143362d4c42172"

signal-exit@^3.0.3:
  version "3.0.3"
  resolved "https://registry.yarnpkg.com/signal-exit/-/signal-exit-3.0.3.tgz#a1410c2edd8f077b08b4e253c8eacfcaf057461c"

source-list-map@^2.0.1:
  version "2.0.1"
  resolved "https://registry.yarnpkg.com/source-list-map/-/source-list-map-2.0.1.tgz#3993bd873bfc48479cca9ea3a547835c7c154b34"

source-map-support@~0.5.12, source-map-support@~0.5.19:
  version "0.5.19"
  resolved "https://registry.yarnpkg.com/source-map-support/-/source-map-support-0.5.19.tgz#a98b62f86dcaf4f67399648c085291ab9e8fed61"
  dependencies:
    buffer-from "^1.0.0"
    source-map "^0.6.0"

source-map@^0.6.0, source-map@^0.6.1, source-map@~0.6.0, source-map@~0.6.1:
  version "0.6.1"
  resolved "https://registry.yarnpkg.com/source-map/-/source-map-0.6.1.tgz#74722af32e9614e9c287a8d0bbde48b5e2f1a263"

source-map@~0.7.2:
  version "0.7.3"
  resolved "https://registry.yarnpkg.com/source-map/-/source-map-0.7.3.tgz#5302f8169031735226544092e64981f751750383"

string_decoder@^1.1.1:
  version "1.3.0"
  resolved "https://registry.yarnpkg.com/string_decoder/-/string_decoder-1.3.0.tgz#42f114594a46cf1a8e30b0a84f56c78c3edac21e"
  dependencies:
    safe-buffer "~5.2.0"

strip-ansi@^3.0.0:
  version "3.0.1"
  resolved "https://registry.yarnpkg.com/strip-ansi/-/strip-ansi-3.0.1.tgz#6a385fb8853d952d5ff05d0e8aaf94278dc63dcf"
  dependencies:
    ansi-regex "^2.0.0"

strip-final-newline@^2.0.0:
  version "2.0.0"
  resolved "https://registry.yarnpkg.com/strip-final-newline/-/strip-final-newline-2.0.0.tgz#89b852fb2fcbe936f6f4b3187afb0a12c1ab58ad"

supports-color@^7.0.0:
  version "7.2.0"
  resolved "https://registry.yarnpkg.com/supports-color/-/supports-color-7.2.0.tgz#1b7dcdcb32b8138801b3e478ba6a51caa89648da"
  dependencies:
    has-flag "^4.0.0"

tapable@^2.0.0, tapable@^2.1.1, tapable@^2.2.0:
  version "2.2.0"
  resolved "https://registry.yarnpkg.com/tapable/-/tapable-2.2.0.tgz#5c373d281d9c672848213d0e037d1c4165ab426b"

terser-webpack-plugin@^5.1.1:
  version "5.1.1"
  resolved "https://registry.yarnpkg.com/terser-webpack-plugin/-/terser-webpack-plugin-5.1.1.tgz#7effadee06f7ecfa093dbbd3e9ab23f5f3ed8673"
  dependencies:
    jest-worker "^26.6.2"
    p-limit "^3.1.0"
    schema-utils "^3.0.0"
    serialize-javascript "^5.0.1"
    source-map "^0.6.1"
    terser "^5.5.1"

terser@^4.6.3:
  version "4.8.0"
  resolved "https://registry.yarnpkg.com/terser/-/terser-4.8.0.tgz#63056343d7c70bb29f3af665865a46fe03a0df17"
  dependencies:
    commander "^2.20.0"
    source-map "~0.6.1"
    source-map-support "~0.5.12"

terser@^5.5.1:
  version "5.6.1"
  resolved "https://registry.yarnpkg.com/terser/-/terser-5.6.1.tgz#a48eeac5300c0a09b36854bf90d9c26fb201973c"
  dependencies:
    commander "^2.20.0"
    source-map "~0.7.2"
    source-map-support "~0.5.19"

tslib@^2.0.3:
  version "2.2.0"
  resolved "https://registry.yarnpkg.com/tslib/-/tslib-2.2.0.tgz#fb2c475977e35e241311ede2693cee1ec6698f5c"

uri-js@^4.2.2:
  version "4.4.1"
  resolved "https://registry.yarnpkg.com/uri-js/-/uri-js-4.4.1.tgz#9b1a52595225859e55f669d928f88c6c57f2a77e"
  dependencies:
    punycode "^2.1.0"

url@^0.11.0:
  version "0.11.0"
  resolved "https://registry.yarnpkg.com/url/-/url-0.11.0.tgz#3838e97cfc60521eb73c525a8e55bfdd9e2e28f1"
  dependencies:
    punycode "1.3.2"
    querystring "0.2.0"

util-deprecate@^1.0.1:
  version "1.0.2"
  resolved "https://registry.yarnpkg.com/util-deprecate/-/util-deprecate-1.0.2.tgz#450d4dc9fa70de732762fbd2d4a28981419a0ccf"

utila@~0.4:
  version "0.4.0"
  resolved "https://registry.yarnpkg.com/utila/-/utila-0.4.0.tgz#8a16a05d445657a3aea5eecc5b12a4fa5379772c"

v8-compile-cache@^2.2.0:
  version "2.3.0"
  resolved "https://registry.yarnpkg.com/v8-compile-cache/-/v8-compile-cache-2.3.0.tgz#2de19618c66dc247dcfb6f99338035d8245a2cee"

watchpack@^2.0.0:
  version "2.1.1"
  resolved "https://registry.yarnpkg.com/watchpack/-/watchpack-2.1.1.tgz#e99630550fca07df9f90a06056987baa40a689c7"
  dependencies:
    glob-to-regexp "^0.4.1"
    graceful-fs "^4.1.2"

webpack-cli@^4.6.0:
  version "4.6.0"
  resolved "https://registry.yarnpkg.com/webpack-cli/-/webpack-cli-4.6.0.tgz#27ae86bfaec0cf393fcfd58abdc5a229ad32fd16"
  dependencies:
    "@discoveryjs/json-ext" "^0.5.0"
    "@webpack-cli/configtest" "^1.0.2"
    "@webpack-cli/info" "^1.2.3"
    "@webpack-cli/serve" "^1.3.1"
    colorette "^1.2.1"
    commander "^7.0.0"
    enquirer "^2.3.6"
    execa "^5.0.0"
    fastest-levenshtein "^1.0.12"
    import-local "^3.0.2"
    interpret "^2.2.0"
    rechoir "^0.7.0"
    v8-compile-cache "^2.2.0"
    webpack-merge "^5.7.3"

webpack-merge@^5.7.3:
  version "5.7.3"
  resolved "https://registry.yarnpkg.com/webpack-merge/-/webpack-merge-5.7.3.tgz#2a0754e1877a25a8bbab3d2475ca70a052708213"
  dependencies:
    clone-deep "^4.0.1"
    wildcard "^2.0.0"

webpack-sources@^2.1.1:
  version "2.2.0"
  resolved "https://registry.yarnpkg.com/webpack-sources/-/webpack-sources-2.2.0.tgz#058926f39e3d443193b6c31547229806ffd02bac"
  dependencies:
    source-list-map "^2.0.1"
    source-map "^0.6.1"

webpack@^5.31.0:
  version "5.31.0"
  resolved "https://registry.yarnpkg.com/webpack/-/webpack-5.31.0.tgz#fab61d0be896feca4af87bdad5c18815c0d63455"
  dependencies:
    "@types/eslint-scope" "^3.7.0"
    "@types/estree" "^0.0.46"
    "@webassemblyjs/ast" "1.11.0"
    "@webassemblyjs/wasm-edit" "1.11.0"
    "@webassemblyjs/wasm-parser" "1.11.0"
    acorn "^8.0.4"
    browserslist "^4.14.5"
    chrome-trace-event "^1.0.2"
    enhanced-resolve "^5.7.0"
    es-module-lexer "^0.4.0"
    eslint-scope "^5.1.1"
    events "^3.2.0"
    glob-to-regexp "^0.4.1"
    graceful-fs "^4.2.4"
    json-parse-better-errors "^1.0.2"
    loader-runner "^4.2.0"
    mime-types "^2.1.27"
    neo-async "^2.6.2"
    schema-utils "^3.0.0"
    tapable "^2.1.1"
    terser-webpack-plugin "^5.1.1"
    watchpack "^2.0.0"
    webpack-sources "^2.1.1"

which@^2.0.1:
  version "2.0.2"
  resolved "https://registry.yarnpkg.com/which/-/which-2.0.2.tgz#7c6a8dd0a636a0327e10b59c9286eee93f3f51b1"
  dependencies:
    isexe "^2.0.0"

wildcard@^2.0.0:
  version "2.0.0"
  resolved "https://registry.yarnpkg.com/wildcard/-/wildcard-2.0.0.tgz#a77d20e5200c6faaac979e4b3aadc7b3dd7f8fec"

yocto-queue@^0.1.0:
  version "0.1.0"
  resolved "https://registry.yarnpkg.com/yocto-queue/-/yocto-queue-0.1.0.tgz#0294eb3dee05028d31ee1a5fa2c556a6aaf10a1b"
